// !$*UTF8*$!
{
	archiveVersion = 1;
	classes = {
	};
	objectVersion = 55;
	objects = {

/* Begin PBXBuildFile section */
		3B7931402813BDF10013C072 /* AppDelegate.swift in Sources */ = {isa = PBXBuildFile; fileRef = 3B79313F2813BDF10013C072 /* AppDelegate.swift */; };
		3B7931422813BDF10013C072 /* SceneDelegate.swift in Sources */ = {isa = PBXBuildFile; fileRef = 3B7931412813BDF10013C072 /* SceneDelegate.swift */; };
		3B7931442813BDF10013C072 /* ViewController.swift in Sources */ = {isa = PBXBuildFile; fileRef = 3B7931432813BDF10013C072 /* ViewController.swift */; };
		3B7931472813BDF10013C072 /* Main.storyboard in Resources */ = {isa = PBXBuildFile; fileRef = 3B7931452813BDF10013C072 /* Main.storyboard */; };
		3B7931492813BDF40013C072 /* Assets.xcassets in Resources */ = {isa = PBXBuildFile; fileRef = 3B7931482813BDF40013C072 /* Assets.xcassets */; };
		3B79314C2813BDF40013C072 /* LaunchScreen.storyboard in Resources */ = {isa = PBXBuildFile; fileRef = 3B79314A2813BDF40013C072 /* LaunchScreen.storyboard */; };
		3B7931572813BDF50013C072 /* ExerciseViewerTests.swift in Sources */ = {isa = PBXBuildFile; fileRef = 3B7931562813BDF50013C072 /* ExerciseViewerTests.swift */; };
		3B7931612813BDF50013C072 /* ExerciseViewerUITests.swift in Sources */ = {isa = PBXBuildFile; fileRef = 3B7931602813BDF50013C072 /* ExerciseViewerUITests.swift */; };
		3B7931632813BDF50013C072 /* ExerciseViewerUITestsLaunchTests.swift in Sources */ = {isa = PBXBuildFile; fileRef = 3B7931622813BDF50013C072 /* ExerciseViewerUITestsLaunchTests.swift */; };
		3B7931752813FC0C0013C072 /* CustomNavBar.swift in Sources */ = {isa = PBXBuildFile; fileRef = 3B7931732813FC0C0013C072 /* CustomNavBar.swift */; };
		3B7931762813FC0C0013C072 /* CustomNavBar.xib in Resources */ = {isa = PBXBuildFile; fileRef = 3B7931742813FC0C0013C072 /* CustomNavBar.xib */; };
		3B7931782813FC7B0013C072 /* Window.swift in Sources */ = {isa = PBXBuildFile; fileRef = 3B7931772813FC7B0013C072 /* Window.swift */; };
		3B79317F2813FDDF0013C072 /* Colors.xcassets in Resources */ = {isa = PBXBuildFile; fileRef = 3B79317E2813FDDF0013C072 /* Colors.xcassets */; };
		3B793182281401D00013C072 /* Helper.swift in Sources */ = {isa = PBXBuildFile; fileRef = 3B793181281401D00013C072 /* Helper.swift */; };
		3B793184281403630013C072 /* EVExerciseListVM.swift in Sources */ = {isa = PBXBuildFile; fileRef = 3B793183281403630013C072 /* EVExerciseListVM.swift */; };
		3B793186281415430013C072 /* URLPahts.swift in Sources */ = {isa = PBXBuildFile; fileRef = 3B793185281415430013C072 /* URLPahts.swift */; };
/* End PBXBuildFile section */

/* Begin PBXContainerItemProxy section */
		3B7931532813BDF40013C072 /* PBXContainerItemProxy */ = {
			isa = PBXContainerItemProxy;
			containerPortal = 3B7931342813BDF10013C072 /* Project object */;
			proxyType = 1;
			remoteGlobalIDString = 3B79313B2813BDF10013C072;
			remoteInfo = ExerciseViewer;
		};
		3B79315D2813BDF50013C072 /* PBXContainerItemProxy */ = {
			isa = PBXContainerItemProxy;
			containerPortal = 3B7931342813BDF10013C072 /* Project object */;
			proxyType = 1;
			remoteGlobalIDString = 3B79313B2813BDF10013C072;
			remoteInfo = ExerciseViewer;
		};
/* End PBXContainerItemProxy section */

/* Begin PBXFileReference section */
		3B79313C2813BDF10013C072 /* ExerciseViewer.app */ = {isa = PBXFileReference; explicitFileType = wrapper.application; includeInIndex = 0; path = ExerciseViewer.app; sourceTree = BUILT_PRODUCTS_DIR; };
		3B79313F2813BDF10013C072 /* AppDelegate.swift */ = {isa = PBXFileReference; lastKnownFileType = sourcecode.swift; path = AppDelegate.swift; sourceTree = "<group>"; };
		3B7931412813BDF10013C072 /* SceneDelegate.swift */ = {isa = PBXFileReference; lastKnownFileType = sourcecode.swift; path = SceneDelegate.swift; sourceTree = "<group>"; };
		3B7931432813BDF10013C072 /* ViewController.swift */ = {isa = PBXFileReference; lastKnownFileType = sourcecode.swift; path = ViewController.swift; sourceTree = "<group>"; };
		3B7931462813BDF10013C072 /* Base */ = {isa = PBXFileReference; lastKnownFileType = file.storyboard; name = Base; path = Base.lproj/Main.storyboard; sourceTree = "<group>"; };
		3B7931482813BDF40013C072 /* Assets.xcassets */ = {isa = PBXFileReference; lastKnownFileType = folder.assetcatalog; path = Assets.xcassets; sourceTree = "<group>"; };
		3B79314B2813BDF40013C072 /* Base */ = {isa = PBXFileReference; lastKnownFileType = file.storyboard; name = Base; path = Base.lproj/LaunchScreen.storyboard; sourceTree = "<group>"; };
		3B79314D2813BDF40013C072 /* Info.plist */ = {isa = PBXFileReference; lastKnownFileType = text.plist.xml; path = Info.plist; sourceTree = "<group>"; };
		3B7931522813BDF40013C072 /* ExerciseViewerTests.xctest */ = {isa = PBXFileReference; explicitFileType = wrapper.cfbundle; includeInIndex = 0; path = ExerciseViewerTests.xctest; sourceTree = BUILT_PRODUCTS_DIR; };
		3B7931562813BDF50013C072 /* ExerciseViewerTests.swift */ = {isa = PBXFileReference; lastKnownFileType = sourcecode.swift; path = ExerciseViewerTests.swift; sourceTree = "<group>"; };
		3B79315C2813BDF50013C072 /* ExerciseViewerUITests.xctest */ = {isa = PBXFileReference; explicitFileType = wrapper.cfbundle; includeInIndex = 0; path = ExerciseViewerUITests.xctest; sourceTree = BUILT_PRODUCTS_DIR; };
		3B7931602813BDF50013C072 /* ExerciseViewerUITests.swift */ = {isa = PBXFileReference; lastKnownFileType = sourcecode.swift; path = ExerciseViewerUITests.swift; sourceTree = "<group>"; };
		3B7931622813BDF50013C072 /* ExerciseViewerUITestsLaunchTests.swift */ = {isa = PBXFileReference; lastKnownFileType = sourcecode.swift; path = ExerciseViewerUITestsLaunchTests.swift; sourceTree = "<group>"; };
		3B7931732813FC0C0013C072 /* CustomNavBar.swift */ = {isa = PBXFileReference; fileEncoding = 4; lastKnownFileType = sourcecode.swift; path = CustomNavBar.swift; sourceTree = "<group>"; };
		3B7931742813FC0C0013C072 /* CustomNavBar.xib */ = {isa = PBXFileReference; fileEncoding = 4; lastKnownFileType = file.xib; path = CustomNavBar.xib; sourceTree = "<group>"; };
		3B7931772813FC7B0013C072 /* Window.swift */ = {isa = PBXFileReference; lastKnownFileType = sourcecode.swift; path = Window.swift; sourceTree = "<group>"; };
		3B79317E2813FDDF0013C072 /* Colors.xcassets */ = {isa = PBXFileReference; lastKnownFileType = folder.assetcatalog; path = Colors.xcassets; sourceTree = "<group>"; };
		3B793181281401D00013C072 /* Helper.swift */ = {isa = PBXFileReference; lastKnownFileType = sourcecode.swift; path = Helper.swift; sourceTree = "<group>"; };
		3B793183281403630013C072 /* EVExerciseListVM.swift */ = {isa = PBXFileReference; lastKnownFileType = sourcecode.swift; path = EVExerciseListVM.swift; sourceTree = "<group>"; };
		3B793185281415430013C072 /* URLPahts.swift */ = {isa = PBXFileReference; lastKnownFileType = sourcecode.swift; path = URLPahts.swift; sourceTree = "<group>"; };
/* End PBXFileReference section */

/* Begin PBXFrameworksBuildPhase section */
		3B7931392813BDF10013C072 /* Frameworks */ = {
			isa = PBXFrameworksBuildPhase;
			buildActionMask = 2147483647;
			files = (
			);
			runOnlyForDeploymentPostprocessing = 0;
		};
		3B79314F2813BDF40013C072 /* Frameworks */ = {
			isa = PBXFrameworksBuildPhase;
			buildActionMask = 2147483647;
			files = (
			);
			runOnlyForDeploymentPostprocessing = 0;
		};
		3B7931592813BDF50013C072 /* Frameworks */ = {
			isa = PBXFrameworksBuildPhase;
			buildActionMask = 2147483647;
			files = (
			);
			runOnlyForDeploymentPostprocessing = 0;
		};
/* End PBXFrameworksBuildPhase section */

/* Begin PBXGroup section */
		3B7931332813BDF10013C072 = {
			isa = PBXGroup;
			children = (
				3B79313E2813BDF10013C072 /* ExerciseViewer */,
				3B7931552813BDF40013C072 /* ExerciseViewerTests */,
				3B79315F2813BDF50013C072 /* ExerciseViewerUITests */,
				3B79313D2813BDF10013C072 /* Products */,
			);
			sourceTree = "<group>";
		};
		3B79313D2813BDF10013C072 /* Products */ = {
			isa = PBXGroup;
			children = (
				3B79313C2813BDF10013C072 /* ExerciseViewer.app */,
				3B7931522813BDF40013C072 /* ExerciseViewerTests.xctest */,
				3B79315C2813BDF50013C072 /* ExerciseViewerUITests.xctest */,
			);
			name = Products;
			sourceTree = "<group>";
		};
		3B79313E2813BDF10013C072 /* ExerciseViewer */ = {
			isa = PBXGroup;
			children = (
				3B79316F2813C3190013C072 /* Features */,
				3B7931722813FBDF0013C072 /* Navigation */,
				3B7931712813FBCD0013C072 /* Extensions */,
				3B793180281401B60013C072 /* Utilities */,
				3B7931702813FBA60013C072 /* Resources */,
				3B79314D2813BDF40013C072 /* Info.plist */,
			);
			path = ExerciseViewer;
			sourceTree = "<group>";
		};
		3B7931552813BDF40013C072 /* ExerciseViewerTests */ = {
			isa = PBXGroup;
			children = (
				3B7931562813BDF50013C072 /* ExerciseViewerTests.swift */,
			);
			path = ExerciseViewerTests;
			sourceTree = "<group>";
		};
		3B79315F2813BDF50013C072 /* ExerciseViewerUITests */ = {
			isa = PBXGroup;
			children = (
				3B7931602813BDF50013C072 /* ExerciseViewerUITests.swift */,
				3B7931622813BDF50013C072 /* ExerciseViewerUITestsLaunchTests.swift */,
			);
			path = ExerciseViewerUITests;
			sourceTree = "<group>";
		};
		3B79316F2813C3190013C072 /* Features */ = {
			isa = PBXGroup;
			children = (
				3B7931792813FCF20013C072 /* Exercise Flow */,
			);
			path = Features;
			sourceTree = "<group>";
		};
		3B7931702813FBA60013C072 /* Resources */ = {
			isa = PBXGroup;
			children = (
				3B79313F2813BDF10013C072 /* AppDelegate.swift */,
				3B7931412813BDF10013C072 /* SceneDelegate.swift */,
				3B7931482813BDF40013C072 /* Assets.xcassets */,
				3B79317E2813FDDF0013C072 /* Colors.xcassets */,
				3B79314A2813BDF40013C072 /* LaunchScreen.storyboard */,
			);
			path = Resources;
			sourceTree = "<group>";
		};
		3B7931712813FBCD0013C072 /* Extensions */ = {
			isa = PBXGroup;
			children = (
				3B7931772813FC7B0013C072 /* Window.swift */,
			);
			path = Extensions;
			sourceTree = "<group>";
		};
		3B7931722813FBDF0013C072 /* Navigation */ = {
			isa = PBXGroup;
			children = (
				3B7931742813FC0C0013C072 /* CustomNavBar.xib */,
				3B7931732813FC0C0013C072 /* CustomNavBar.swift */,
			);
			path = Navigation;
			sourceTree = "<group>";
		};
		3B7931792813FCF20013C072 /* Exercise Flow */ = {
			isa = PBXGroup;
			children = (
				3B79317A2813FD350013C072 /* Model */,
				3B79317B2813FD3E0013C072 /* ViewModel */,
				3B79317C2813FD470013C072 /* Controller */,
				3B79317D2813FD4E0013C072 /* View */,
			);
			path = "Exercise Flow";
			sourceTree = "<group>";
		};
		3B79317A2813FD350013C072 /* Model */ = {
			isa = PBXGroup;
			children = (
			);
			path = Model;
			sourceTree = "<group>";
		};
		3B79317B2813FD3E0013C072 /* ViewModel */ = {
			isa = PBXGroup;
			children = (
				3B793183281403630013C072 /* EVExerciseListVM.swift */,
			);
			path = ViewModel;
			sourceTree = "<group>";
		};
		3B79317C2813FD470013C072 /* Controller */ = {
			isa = PBXGroup;
			children = (
				3B7931432813BDF10013C072 /* ViewController.swift */,
			);
			path = Controller;
			sourceTree = "<group>";
		};
		3B79317D2813FD4E0013C072 /* View */ = {
			isa = PBXGroup;
			children = (
				3B7931452813BDF10013C072 /* Main.storyboard */,
			);
			path = View;
			sourceTree = "<group>";
		};
		3B793180281401B60013C072 /* Utilities */ = {
			isa = PBXGroup;
			children = (
				3B793181281401D00013C072 /* Helper.swift */,
				3B793185281415430013C072 /* URLPahts.swift */,
			);
			path = Utilities;
			sourceTree = "<group>";
		};
/* End PBXGroup section */

/* Begin PBXNativeTarget section */
		3B79313B2813BDF10013C072 /* ExerciseViewer */ = {
			isa = PBXNativeTarget;
			buildConfigurationList = 3B7931662813BDF50013C072 /* Build configuration list for PBXNativeTarget "ExerciseViewer" */;
			buildPhases = (
				3B7931382813BDF10013C072 /* Sources */,
				3B7931392813BDF10013C072 /* Frameworks */,
				3B79313A2813BDF10013C072 /* Resources */,
			);
			buildRules = (
			);
			dependencies = (
			);
			name = ExerciseViewer;
			productName = ExerciseViewer;
			productReference = 3B79313C2813BDF10013C072 /* ExerciseViewer.app */;
			productType = "com.apple.product-type.application";
		};
		3B7931512813BDF40013C072 /* ExerciseViewerTests */ = {
			isa = PBXNativeTarget;
			buildConfigurationList = 3B7931692813BDF50013C072 /* Build configuration list for PBXNativeTarget "ExerciseViewerTests" */;
			buildPhases = (
				3B79314E2813BDF40013C072 /* Sources */,
				3B79314F2813BDF40013C072 /* Frameworks */,
				3B7931502813BDF40013C072 /* Resources */,
			);
			buildRules = (
			);
			dependencies = (
				3B7931542813BDF40013C072 /* PBXTargetDependency */,
			);
			name = ExerciseViewerTests;
			productName = ExerciseViewerTests;
			productReference = 3B7931522813BDF40013C072 /* ExerciseViewerTests.xctest */;
			productType = "com.apple.product-type.bundle.unit-test";
		};
		3B79315B2813BDF50013C072 /* ExerciseViewerUITests */ = {
			isa = PBXNativeTarget;
			buildConfigurationList = 3B79316C2813BDF50013C072 /* Build configuration list for PBXNativeTarget "ExerciseViewerUITests" */;
			buildPhases = (
				3B7931582813BDF50013C072 /* Sources */,
				3B7931592813BDF50013C072 /* Frameworks */,
				3B79315A2813BDF50013C072 /* Resources */,
			);
			buildRules = (
			);
			dependencies = (
				3B79315E2813BDF50013C072 /* PBXTargetDependency */,
			);
			name = ExerciseViewerUITests;
			productName = ExerciseViewerUITests;
			productReference = 3B79315C2813BDF50013C072 /* ExerciseViewerUITests.xctest */;
			productType = "com.apple.product-type.bundle.ui-testing";
		};
/* End PBXNativeTarget section */

/* Begin PBXProject section */
		3B7931342813BDF10013C072 /* Project object */ = {
			isa = PBXProject;
			attributes = {
				BuildIndependentTargetsInParallel = 1;
				LastSwiftUpdateCheck = 1330;
				LastUpgradeCheck = 1330;
				TargetAttributes = {
					3B79313B2813BDF10013C072 = {
						CreatedOnToolsVersion = 13.3;
					};
					3B7931512813BDF40013C072 = {
						CreatedOnToolsVersion = 13.3;
						TestTargetID = 3B79313B2813BDF10013C072;
					};
					3B79315B2813BDF50013C072 = {
						CreatedOnToolsVersion = 13.3;
						TestTargetID = 3B79313B2813BDF10013C072;
					};
				};
			};
			buildConfigurationList = 3B7931372813BDF10013C072 /* Build configuration list for PBXProject "ExerciseViewer" */;
			compatibilityVersion = "Xcode 13.0";
			developmentRegion = en;
			hasScannedForEncodings = 0;
			knownRegions = (
				en,
				Base,
			);
			mainGroup = 3B7931332813BDF10013C072;
			productRefGroup = 3B79313D2813BDF10013C072 /* Products */;
			projectDirPath = "";
			projectRoot = "";
			targets = (
				3B79313B2813BDF10013C072 /* ExerciseViewer */,
				3B7931512813BDF40013C072 /* ExerciseViewerTests */,
				3B79315B2813BDF50013C072 /* ExerciseViewerUITests */,
			);
		};
/* End PBXProject section */

/* Begin PBXResourcesBuildPhase section */
		3B79313A2813BDF10013C072 /* Resources */ = {
			isa = PBXResourcesBuildPhase;
			buildActionMask = 2147483647;
			files = (
				3B79317F2813FDDF0013C072 /* Colors.xcassets in Resources */,
				3B79314C2813BDF40013C072 /* LaunchScreen.storyboard in Resources */,
				3B7931492813BDF40013C072 /* Assets.xcassets in Resources */,
				3B7931762813FC0C0013C072 /* CustomNavBar.xib in Resources */,
				3B7931472813BDF10013C072 /* Main.storyboard in Resources */,
			);
			runOnlyForDeploymentPostprocessing = 0;
		};
		3B7931502813BDF40013C072 /* Resources */ = {
			isa = PBXResourcesBuildPhase;
			buildActionMask = 2147483647;
			files = (
			);
			runOnlyForDeploymentPostprocessing = 0;
		};
		3B79315A2813BDF50013C072 /* Resources */ = {
			isa = PBXResourcesBuildPhase;
			buildActionMask = 2147483647;
			files = (
			);
			runOnlyForDeploymentPostprocessing = 0;
		};
/* End PBXResourcesBuildPhase section */

/* Begin PBXSourcesBuildPhase section */
		3B7931382813BDF10013C072 /* Sources */ = {
			isa = PBXSourcesBuildPhase;
			buildActionMask = 2147483647;
			files = (
				3B7931442813BDF10013C072 /* ViewController.swift in Sources */,
				3B7931782813FC7B0013C072 /* Window.swift in Sources */,
				3B7931402813BDF10013C072 /* AppDelegate.swift in Sources */,
				3B7931752813FC0C0013C072 /* CustomNavBar.swift in Sources */,
				3B793186281415430013C072 /* URLPahts.swift in Sources */,
				3B7931422813BDF10013C072 /* SceneDelegate.swift in Sources */,
				3B793184281403630013C072 /* EVExerciseListVM.swift in Sources */,
				3B793182281401D00013C072 /* Helper.swift in Sources */,
			);
			runOnlyForDeploymentPostprocessing = 0;
		};
		3B79314E2813BDF40013C072 /* Sources */ = {
			isa = PBXSourcesBuildPhase;
			buildActionMask = 2147483647;
			files = (
				3B7931572813BDF50013C072 /* ExerciseViewerTests.swift in Sources */,
			);
			runOnlyForDeploymentPostprocessing = 0;
		};
		3B7931582813BDF50013C072 /* Sources */ = {
			isa = PBXSourcesBuildPhase;
			buildActionMask = 2147483647;
			files = (
				3B7931632813BDF50013C072 /* ExerciseViewerUITestsLaunchTests.swift in Sources */,
				3B7931612813BDF50013C072 /* ExerciseViewerUITests.swift in Sources */,
			);
			runOnlyForDeploymentPostprocessing = 0;
		};
/* End PBXSourcesBuildPhase section */

/* Begin PBXTargetDependency section */
		3B7931542813BDF40013C072 /* PBXTargetDependency */ = {
			isa = PBXTargetDependency;
			target = 3B79313B2813BDF10013C072 /* ExerciseViewer */;
			targetProxy = 3B7931532813BDF40013C072 /* PBXContainerItemProxy */;
		};
		3B79315E2813BDF50013C072 /* PBXTargetDependency */ = {
			isa = PBXTargetDependency;
			target = 3B79313B2813BDF10013C072 /* ExerciseViewer */;
			targetProxy = 3B79315D2813BDF50013C072 /* PBXContainerItemProxy */;
		};
/* End PBXTargetDependency section */

/* Begin PBXVariantGroup section */
		3B7931452813BDF10013C072 /* Main.storyboard */ = {
			isa = PBXVariantGroup;
			children = (
				3B7931462813BDF10013C072 /* Base */,
			);
			name = Main.storyboard;
			sourceTree = "<group>";
		};
		3B79314A2813BDF40013C072 /* LaunchScreen.storyboard */ = {
			isa = PBXVariantGroup;
			children = (
				3B79314B2813BDF40013C072 /* Base */,
			);
			name = LaunchScreen.storyboard;
			sourceTree = "<group>";
		};
/* End PBXVariantGroup section */

/* Begin XCBuildConfiguration section */
		3B7931642813BDF50013C072 /* Debug */ = {
			isa = XCBuildConfiguration;
			buildSettings = {
				ALWAYS_SEARCH_USER_PATHS = NO;
				CLANG_ANALYZER_NONNULL = YES;
				CLANG_ANALYZER_NUMBER_OBJECT_CONVERSION = YES_AGGRESSIVE;
				CLANG_CXX_LANGUAGE_STANDARD = "gnu++17";
				CLANG_ENABLE_MODULES = YES;
				CLANG_ENABLE_OBJC_ARC = YES;
				CLANG_ENABLE_OBJC_WEAK = YES;
				CLANG_WARN_BLOCK_CAPTURE_AUTORELEASING = YES;
				CLANG_WARN_BOOL_CONVERSION = YES;
				CLANG_WARN_COMMA = YES;
				CLANG_WARN_CONSTANT_CONVERSION = YES;
				CLANG_WARN_DEPRECATED_OBJC_IMPLEMENTATIONS = YES;
				CLANG_WARN_DIRECT_OBJC_ISA_USAGE = YES_ERROR;
				CLANG_WARN_DOCUMENTATION_COMMENTS = YES;
				CLANG_WARN_EMPTY_BODY = YES;
				CLANG_WARN_ENUM_CONVERSION = YES;
				CLANG_WARN_INFINITE_RECURSION = YES;
				CLANG_WARN_INT_CONVERSION = YES;
				CLANG_WARN_NON_LITERAL_NULL_CONVERSION = YES;
				CLANG_WARN_OBJC_IMPLICIT_RETAIN_SELF = YES;
				CLANG_WARN_OBJC_LITERAL_CONVERSION = YES;
				CLANG_WARN_OBJC_ROOT_CLASS = YES_ERROR;
				CLANG_WARN_QUOTED_INCLUDE_IN_FRAMEWORK_HEADER = YES;
				CLANG_WARN_RANGE_LOOP_ANALYSIS = YES;
				CLANG_WARN_STRICT_PROTOTYPES = YES;
				CLANG_WARN_SUSPICIOUS_MOVE = YES;
				CLANG_WARN_UNGUARDED_AVAILABILITY = YES_AGGRESSIVE;
				CLANG_WARN_UNREACHABLE_CODE = YES;
				CLANG_WARN__DUPLICATE_METHOD_MATCH = YES;
				COPY_PHASE_STRIP = NO;
				DEBUG_INFORMATION_FORMAT = dwarf;
				ENABLE_STRICT_OBJC_MSGSEND = YES;
				ENABLE_TESTABILITY = YES;
				GCC_C_LANGUAGE_STANDARD = gnu11;
				GCC_DYNAMIC_NO_PIC = NO;
				GCC_NO_COMMON_BLOCKS = YES;
				GCC_OPTIMIZATION_LEVEL = 0;
				GCC_PREPROCESSOR_DEFINITIONS = (
					"DEBUG=1",
					"$(inherited)",
				);
				GCC_WARN_64_TO_32_BIT_CONVERSION = YES;
				GCC_WARN_ABOUT_RETURN_TYPE = YES_ERROR;
				GCC_WARN_UNDECLARED_SELECTOR = YES;
				GCC_WARN_UNINITIALIZED_AUTOS = YES_AGGRESSIVE;
				GCC_WARN_UNUSED_FUNCTION = YES;
				GCC_WARN_UNUSED_VARIABLE = YES;
				IPHONEOS_DEPLOYMENT_TARGET = 15.4;
				MTL_ENABLE_DEBUG_INFO = INCLUDE_SOURCE;
				MTL_FAST_MATH = YES;
				ONLY_ACTIVE_ARCH = YES;
				SDKROOT = iphoneos;
				SWIFT_ACTIVE_COMPILATION_CONDITIONS = DEBUG;
				SWIFT_OPTIMIZATION_LEVEL = "-Onone";
			};
			name = Debug;
		};
		3B7931652813BDF50013C072 /* Release */ = {
			isa = XCBuildConfiguration;
			buildSettings = {
				ALWAYS_SEARCH_USER_PATHS = NO;
				CLANG_ANALYZER_NONNULL = YES;
				CLANG_ANALYZER_NUMBER_OBJECT_CONVERSION = YES_AGGRESSIVE;
				CLANG_CXX_LANGUAGE_STANDARD = "gnu++17";
				CLANG_ENABLE_MODULES = YES;
				CLANG_ENABLE_OBJC_ARC = YES;
				CLANG_ENABLE_OBJC_WEAK = YES;
				CLANG_WARN_BLOCK_CAPTURE_AUTORELEASING = YES;
				CLANG_WARN_BOOL_CONVERSION = YES;
				CLANG_WARN_COMMA = YES;
				CLANG_WARN_CONSTANT_CONVERSION = YES;
				CLANG_WARN_DEPRECATED_OBJC_IMPLEMENTATIONS = YES;
				CLANG_WARN_DIRECT_OBJC_ISA_USAGE = YES_ERROR;
				CLANG_WARN_DOCUMENTATION_COMMENTS = YES;
				CLANG_WARN_EMPTY_BODY = YES;
				CLANG_WARN_ENUM_CONVERSION = YES;
				CLANG_WARN_INFINITE_RECURSION = YES;
				CLANG_WARN_INT_CONVERSION = YES;
				CLANG_WARN_NON_LITERAL_NULL_CONVERSION = YES;
				CLANG_WARN_OBJC_IMPLICIT_RETAIN_SELF = YES;
				CLANG_WARN_OBJC_LITERAL_CONVERSION = YES;
				CLANG_WARN_OBJC_ROOT_CLASS = YES_ERROR;
				CLANG_WARN_QUOTED_INCLUDE_IN_FRAMEWORK_HEADER = YES;
				CLANG_WARN_RANGE_LOOP_ANALYSIS = YES;
				CLANG_WARN_STRICT_PROTOTYPES = YES;
				CLANG_WARN_SUSPICIOUS_MOVE = YES;
				CLANG_WARN_UNGUARDED_AVAILABILITY = YES_AGGRESSIVE;
				CLANG_WARN_UNREACHABLE_CODE = YES;
				CLANG_WARN__DUPLICATE_METHOD_MATCH = YES;
				COPY_PHASE_STRIP = NO;
				DEBUG_INFORMATION_FORMAT = "dwarf-with-dsym";
				ENABLE_NS_ASSERTIONS = NO;
				ENABLE_STRICT_OBJC_MSGSEND = YES;
				GCC_C_LANGUAGE_STANDARD = gnu11;
				GCC_NO_COMMON_BLOCKS = YES;
				GCC_WARN_64_TO_32_BIT_CONVERSION = YES;
				GCC_WARN_ABOUT_RETURN_TYPE = YES_ERROR;
				GCC_WARN_UNDECLARED_SELECTOR = YES;
				GCC_WARN_UNINITIALIZED_AUTOS = YES_AGGRESSIVE;
				GCC_WARN_UNUSED_FUNCTION = YES;
				GCC_WARN_UNUSED_VARIABLE = YES;
				IPHONEOS_DEPLOYMENT_TARGET = 15.4;
				MTL_ENABLE_DEBUG_INFO = NO;
				MTL_FAST_MATH = YES;
				SDKROOT = iphoneos;
				SWIFT_COMPILATION_MODE = wholemodule;
				SWIFT_OPTIMIZATION_LEVEL = "-O";
				VALIDATE_PRODUCT = YES;
			};
			name = Release;
		};
		3B7931672813BDF50013C072 /* Debug */ = {
			isa = XCBuildConfiguration;
			buildSettings = {
				ASSETCATALOG_COMPILER_APPICON_NAME = AppIcon;
				ASSETCATALOG_COMPILER_GLOBAL_ACCENT_COLOR_NAME = AccentColor;
				CODE_SIGN_STYLE = Automatic;
				CURRENT_PROJECT_VERSION = 1;
				DEVELOPMENT_TEAM = 2JJBX8KAAZ;
				GENERATE_INFOPLIST_FILE = YES;
				INFOPLIST_FILE = ExerciseViewer/Info.plist;
				INFOPLIST_KEY_UIApplicationSupportsIndirectInputEvents = YES;
				INFOPLIST_KEY_UILaunchStoryboardName = LaunchScreen;
				INFOPLIST_KEY_UIMainStoryboardFile = Main;
				INFOPLIST_KEY_UISupportedInterfaceOrientations_iPad = "UIInterfaceOrientationPortrait UIInterfaceOrientationPortraitUpsideDown UIInterfaceOrientationLandscapeLeft UIInterfaceOrientationLandscapeRight";
				INFOPLIST_KEY_UISupportedInterfaceOrientations_iPhone = "UIInterfaceOrientationPortrait UIInterfaceOrientationLandscapeLeft UIInterfaceOrientationLandscapeRight";
				IPHONEOS_DEPLOYMENT_TARGET = 14.0;
				LD_RUNPATH_SEARCH_PATHS = (
					"$(inherited)",
					"@executable_path/Frameworks",
				);
				MARKETING_VERSION = 1.0;
				PRODUCT_BUNDLE_IDENTIFIER = com.amitnama.ExerciseViewer;
				PRODUCT_NAME = "$(TARGET_NAME)";
				SWIFT_EMIT_LOC_STRINGS = YES;
				SWIFT_VERSION = 5.0;
				TARGETED_DEVICE_FAMILY = "1,2";
			};
			name = Debug;
		};
		3B7931682813BDF50013C072 /* Release */ = {
			isa = XCBuildConfiguration;
			buildSettings = {
				ASSETCATALOG_COMPILER_APPICON_NAME = AppIcon;
				ASSETCATALOG_COMPILER_GLOBAL_ACCENT_COLOR_NAME = AccentColor;
				CODE_SIGN_STYLE = Automatic;
				CURRENT_PROJECT_VERSION = 1;
				DEVELOPMENT_TEAM = 2JJBX8KAAZ;
				GENERATE_INFOPLIST_FILE = YES;
				INFOPLIST_FILE = ExerciseViewer/Info.plist;
				INFOPLIST_KEY_UIApplicationSupportsIndirectInputEvents = YES;
				INFOPLIST_KEY_UILaunchStoryboardName = LaunchScreen;
				INFOPLIST_KEY_UIMainStoryboardFile = Main;
				INFOPLIST_KEY_UISupportedInterfaceOrientations_iPad = "UIInterfaceOrientationPortrait UIInterfaceOrientationPortraitUpsideDown UIInterfaceOrientationLandscapeLeft UIInterfaceOrientationLandscapeRight";
				INFOPLIST_KEY_UISupportedInterfaceOrientations_iPhone = "UIInterfaceOrientationPortrait UIInterfaceOrientationLandscapeLeft UIInterfaceOrientationLandscapeRight";
				IPHONEOS_DEPLOYMENT_TARGET = 14.0;
				LD_RUNPATH_SEARCH_PATHS = (
					"$(inherited)",
					"@executable_path/Frameworks",
				);
				MARKETING_VERSION = 1.0;
				PRODUCT_BUNDLE_IDENTIFIER = com.amitnama.ExerciseViewer;
				PRODUCT_NAME = "$(TARGET_NAME)";
				SWIFT_EMIT_LOC_STRINGS = YES;
				SWIFT_VERSION = 5.0;
				TARGETED_DEVICE_FAMILY = "1,2";
			};
			name = Release;
		};
		3B79316A2813BDF50013C072 /* Debug */ = {
			isa = XCBuildConfiguration;
			buildSettings = {
				ALWAYS_EMBED_SWIFT_STANDARD_LIBRARIES = YES;
				BUNDLE_LOADER = "$(TEST_HOST)";
				CODE_SIGN_STYLE = Automatic;
				CURRENT_PROJECT_VERSION = 1;
				DEVELOPMENT_TEAM = 2JJBX8KAAZ;
				GENERATE_INFOPLIST_FILE = YES;
				IPHONEOS_DEPLOYMENT_TARGET = 15.4;
				MARKETING_VERSION = 1.0;
				PRODUCT_BUNDLE_IDENTIFIER = com.amitnama.ExerciseViewerTests;
				PRODUCT_NAME = "$(TARGET_NAME)";
				SWIFT_EMIT_LOC_STRINGS = NO;
				SWIFT_VERSION = 5.0;
				TARGETED_DEVICE_FAMILY = "1,2";
				TEST_HOST = "$(BUILT_PRODUCTS_DIR)/ExerciseViewer.app/ExerciseViewer";
			};
			name = Debug;
		};
		3B79316B2813BDF50013C072 /* Release */ = {
			isa = XCBuildConfiguration;
			buildSettings = {
				ALWAYS_EMBED_SWIFT_STANDARD_LIBRARIES = YES;
				BUNDLE_LOADER = "$(TEST_HOST)";
				CODE_SIGN_STYLE = Automatic;
				CURRENT_PROJECT_VERSION = 1;
				DEVELOPMENT_TEAM = 2JJBX8KAAZ;
				GENERATE_INFOPLIST_FILE = YES;
				IPHONEOS_DEPLOYMENT_TARGET = 15.4;
				MARKETING_VERSION = 1.0;
				PRODUCT_BUNDLE_IDENTIFIER = com.amitnama.ExerciseViewerTests;
				PRODUCT_NAME = "$(TARGET_NAME)";
				SWIFT_EMIT_LOC_STRINGS = NO;
				SWIFT_VERSION = 5.0;
				TARGETED_DEVICE_FAMILY = "1,2";
				TEST_HOST = "$(BUILT_PRODUCTS_DIR)/ExerciseViewer.app/ExerciseViewer";
			};
			name = Release;
		};
		3B79316D2813BDF50013C072 /* Debug */ = {
			isa = XCBuildConfiguration;
			buildSettings = {
				ALWAYS_EMBED_SWIFT_STANDARD_LIBRARIES = YES;
				CODE_SIGN_STYLE = Automatic;
				CURRENT_PROJECT_VERSION = 1;
				DEVELOPMENT_TEAM = 2JJBX8KAAZ;
				GENERATE_INFOPLIST_FILE = YES;
				MARKETING_VERSION = 1.0;
				PRODUCT_BUNDLE_IDENTIFIER = com.amitnama.ExerciseViewerUITests;
				PRODUCT_NAME = "$(TARGET_NAME)";
				SWIFT_EMIT_LOC_STRINGS = NO;
				SWIFT_VERSION = 5.0;
				TARGETED_DEVICE_FAMILY = "1,2";
				TEST_TARGET_NAME = ExerciseViewer;
			};
			name = Debug;
		};
		3B79316E2813BDF50013C072 /* Release */ = {
			isa = XCBuildConfiguration;
			buildSettings = {
				ALWAYS_EMBED_SWIFT_STANDARD_LIBRARIES = YES;
				CODE_SIGN_STYLE = Automatic;
				CURRENT_PROJECT_VERSION = 1;
				DEVELOPMENT_TEAM = 2JJBX8KAAZ;
				GENERATE_INFOPLIST_FILE = YES;
				MARKETING_VERSION = 1.0;
				PRODUCT_BUNDLE_IDENTIFIER = com.amitnama.ExerciseViewerUITests;
				PRODUCT_NAME = "$(TARGET_NAME)";
				SWIFT_EMIT_LOC_STRINGS = NO;
				SWIFT_VERSION = 5.0;
				TARGETED_DEVICE_FAMILY = "1,2";
				TEST_TARGET_NAME = ExerciseViewer;
			};
			name = Release;
		};
/* End XCBuildConfiguration section */

/* Begin XCConfigurationList section */
		3B7931372813BDF10013C072 /* Build configuration list for PBXProject "ExerciseViewer" */ = {
			isa = XCConfigurationList;
			buildConfigurations = (
				3B7931642813BDF50013C072 /* Debug */,
				3B7931652813BDF50013C072 /* Release */,
			);
			defaultConfigurationIsVisible = 0;
			defaultConfigurationName = Release;
		};
		3B7931662813BDF50013C072 /* Build configuration list for PBXNativeTarget "ExerciseViewer" */ = {
			isa = XCConfigurationList;
			buildConfigurations = (
				3B7931672813BDF50013C072 /* Debug */,
				3B7931682813BDF50013C072 /* Release */,
			);
			defaultConfigurationIsVisible = 0;
			defaultConfigurationName = Release;
		};
		3B7931692813BDF50013C072 /* Build configuration list for PBXNativeTarget "ExerciseViewerTests" */ = {
			isa = XCConfigurationList;
			buildConfigurations = (
				3B79316A2813BDF50013C072 /* Debug */,
				3B79316B2813BDF50013C072 /* Release */,
			);
			defaultConfigurationIsVisible = 0;
			defaultConfigurationName = Release;
		};
		3B79316C2813BDF50013C072 /* Build configuration list for PBXNativeTarget "ExerciseViewerUITests" */ = {
			isa = XCConfigurationList;
			buildConfigurations = (
				3B79316D2813BDF50013C072 /* Debug */,
				3B79316E2813BDF50013C072 /* Release */,
			);
			defaultConfigurationIsVisible = 0;
			defaultConfigurationName = Release;
		};
/* End XCConfigurationList section */
	};
	rootObject = 3B7931342813BDF10013C072 /* Project object */;
}
